{
  "name": "puppy-love",
  "requires": true,
  "lockfileVersion": 1,
  "dependencies": {
    "vue-chat-scroll": {
      "version": "1.3.5",
      "resolved": "https://registry.npmjs.org/vue-chat-scroll/-/vue-chat-scroll-1.3.5.tgz",
      "integrity": "sha512-bOBIv3AQp9D+YkhUBwVG4vBblRTeAtqQqx3Agl8fHNNm33aHMWB74U1m45Ll+JI3B0xfyWw6htJ2o5qoiFX9ZQ=="
    },
    "vue-sticky-scroll": {
      "version": "0.1.0",
      "resolved": "https://registry.npmjs.org/vue-sticky-scroll/-/vue-sticky-scroll-0.1.0.tgz",
      "integrity": "sha1-NG66gAIr6JCgbNsAaj1Iu0gjFrk="
    }
  }
}
